
Microsoft Visual Studio Solution File, Format Version 12.00
# Visual Studio 14
VisualStudioVersion = 14.0.24720.0
MinimumVisualStudioVersion = 10.0.40219.1
Project("{FAE04EC0-301F-11D3-BF4B-00C04F79EFBC}") = "IntroductionToAlgorithms", "IntroductionToAlgorithms\IntroductionToAlgorithms.csproj", "{9C6DF5EA-1A14-4AB8-A56E-1E749111B2DC}"
EndProject
Project("{FAE04EC0-301F-11D3-BF4B-00C04F79EFBC}") = "IntroductionToAlgorithms.Tests", "IntroductionToAlgorithms.Tests\IntroductionToAlgorithms.Tests.csproj", "{6E71F7B1-5F05-4922-844F-E17AC88E9311}"
EndProject
Global
	GlobalSection(SolutionConfigurationPlatforms) = preSolution
		Debug|Any CPU = Debug|Any CPU
		Release|Any CPU = Release|Any CPU
	EndGlobalSection
	GlobalSection(ProjectConfigurationPlatforms) = postSolution
		{9C6DF5EA-1A14-4AB8-A56E-1E749111B2DC}.Debug|Any CPU.ActiveCfg = Debug|Any CPU
		{9C6DF5EA-1A14-4AB8-A56E-1E749111B2DC}.Debug|Any CPU.Build.0 = Debug|Any CPU
		{9C6DF5EA-1A14-4AB8-A56E-1E749111B2DC}.Release|Any CPU.ActiveCfg = Release|Any CPU
		{9C6DF5EA-1A14-4AB8-A56E-1E749111B2DC}.Release|Any CPU.Build.0 = Release|Any CPU
		{6E71F7B1-5F05-4922-844F-E17AC88E9311}.Debug|Any CPU.ActiveCfg = Debug|Any CPU
		{6E71F7B1-5F05-4922-844F-E17AC88E9311}.Debug|Any CPU.Build.0 = Debug|Any CPU
		{6E71F7B1-5F05-4922-844F-E17AC88E9311}.Release|Any CPU.ActiveCfg = Release|Any CPU
		{6E71F7B1-5F05-4922-844F-E17AC88E9311}.Release|Any CPU.Build.0 = Release|Any CPU
	EndGlobalSection
	GlobalSection(SolutionProperties) = preSolution
		HideSolutionNode = FALSE
	EndGlobalSection
EndGlobal
